// !$*UTF8*$!
{
	archiveVersion = 1;
	classes = {
	};
	objectVersion = 46;
	objects = {

/* Begin PBXBuildFile section */
		DD19469F1D22EE54005AB69E /* AppDelegate.swift in Sources */ = {isa = PBXBuildFile; fileRef = DD19469E1D22EE54005AB69E /* AppDelegate.swift */; };
		DD1946A11D22EE54005AB69E /* GameScene.sks in Resources */ = {isa = PBXBuildFile; fileRef = DD1946A01D22EE54005AB69E /* GameScene.sks */; };
		DD1946A31D22EE54005AB69E /* GameScene.swift in Sources */ = {isa = PBXBuildFile; fileRef = DD1946A21D22EE54005AB69E /* GameScene.swift */; };
		DD1946A51D22EE54005AB69E /* GameViewController.swift in Sources */ = {isa = PBXBuildFile; fileRef = DD1946A41D22EE54005AB69E /* GameViewController.swift */; };
		DD1946A81D22EE54005AB69E /* Main.storyboard in Resources */ = {isa = PBXBuildFile; fileRef = DD1946A61D22EE54005AB69E /* Main.storyboard */; };
		DD1946AA1D22EE54005AB69E /* Assets.xcassets in Resources */ = {isa = PBXBuildFile; fileRef = DD1946A91D22EE54005AB69E /* Assets.xcassets */; };
		DD1946AD1D22EE54005AB69E /* LaunchScreen.storyboard in Resources */ = {isa = PBXBuildFile; fileRef = DD1946AB1D22EE54005AB69E /* LaunchScreen.storyboard */; };
		DD1946B81D22EE54005AB69E /* GameoflifeTests.swift in Sources */ = {isa = PBXBuildFile; fileRef = DD1946B71D22EE54005AB69E /* GameoflifeTests.swift */; };
		DD1946C31D22EE54005AB69E /* GameoflifeUITests.swift in Sources */ = {isa = PBXBuildFile; fileRef = DD1946C21D22EE54005AB69E /* GameoflifeUITests.swift */; };
		DD1946E01D22F1D2005AB69E /* MSButtonNode.swift in Sources */ = {isa = PBXBuildFile; fileRef = DD1946D11D22F1D2005AB69E /* MSButtonNode.swift */; };
		DD1946E11D22F1D2005AB69E /* MSReferenceNode.swift in Sources */ = {isa = PBXBuildFile; fileRef = DD1946D21D22F1D2005AB69E /* MSReferenceNode.swift */; };
		DD1946E21D22F1D2005AB69E /* CGFloat+Extensions.swift in Sources */ = {isa = PBXBuildFile; fileRef = DD1946D41D22F1D2005AB69E /* CGFloat+Extensions.swift */; };
		DD1946E31D22F1D2005AB69E /* CGPoint+Extensions.swift in Sources */ = {isa = PBXBuildFile; fileRef = DD1946D51D22F1D2005AB69E /* CGPoint+Extensions.swift */; };
		DD1946E41D22F1D2005AB69E /* CGVector+Extensions.swift in Sources */ = {isa = PBXBuildFile; fileRef = DD1946D61D22F1D2005AB69E /* CGVector+Extensions.swift */; };
		DD1946E51D22F1D2005AB69E /* Int+Extensions.swift in Sources */ = {isa = PBXBuildFile; fileRef = DD1946D71D22F1D2005AB69E /* Int+Extensions.swift */; };
		DD1946E61D22F1D2005AB69E /* SKAction+Extensions.swift in Sources */ = {isa = PBXBuildFile; fileRef = DD1946D81D22F1D2005AB69E /* SKAction+Extensions.swift */; };
		DD1946E71D22F1D2005AB69E /* SKAction+SpecialEffects.swift in Sources */ = {isa = PBXBuildFile; fileRef = DD1946D91D22F1D2005AB69E /* SKAction+SpecialEffects.swift */; };
		DD1946E81D22F1D2005AB69E /* SKColor+Extensions.swift in Sources */ = {isa = PBXBuildFile; fileRef = DD1946DA1D22F1D2005AB69E /* SKColor+Extensions.swift */; };
		DD1946E91D22F1D2005AB69E /* SKNode+Extensions.swift in Sources */ = {isa = PBXBuildFile; fileRef = DD1946DB1D22F1D2005AB69E /* SKNode+Extensions.swift */; };
		DD1946EA1D22F1D2005AB69E /* SKTAudio.swift in Sources */ = {isa = PBXBuildFile; fileRef = DD1946DC1D22F1D2005AB69E /* SKTAudio.swift */; };
		DD1946EB1D22F1D2005AB69E /* SKTEffects.swift in Sources */ = {isa = PBXBuildFile; fileRef = DD1946DD1D22F1D2005AB69E /* SKTEffects.swift */; };
		DD1946EC1D22F1D2005AB69E /* SKTTimingFunctions.swift in Sources */ = {isa = PBXBuildFile; fileRef = DD1946DE1D22F1D2005AB69E /* SKTTimingFunctions.swift */; };
		DD1946ED1D22F1D2005AB69E /* Vector3.swift in Sources */ = {isa = PBXBuildFile; fileRef = DD1946DF1D22F1D2005AB69E /* Vector3.swift */; };
		DD8A34DE1D23103F00A289E4 /* Grid.swift in Sources */ = {isa = PBXBuildFile; fileRef = DD8A34DD1D23103F00A289E4 /* Grid.swift */; };
		DD8A34E01D23241E00A289E4 /* Creature.swift in Sources */ = {isa = PBXBuildFile; fileRef = DD8A34DF1D23241E00A289E4 /* Creature.swift */; };
/* End PBXBuildFile section */

/* Begin PBXContainerItemProxy section */
		DD1946B41D22EE54005AB69E /* PBXContainerItemProxy */ = {
			isa = PBXContainerItemProxy;
			containerPortal = DD1946931D22EE53005AB69E /* Project object */;
			proxyType = 1;
			remoteGlobalIDString = DD19469A1D22EE54005AB69E;
			remoteInfo = Gameoflife;
		};
		DD1946BF1D22EE54005AB69E /* PBXContainerItemProxy */ = {
			isa = PBXContainerItemProxy;
			containerPortal = DD1946931D22EE53005AB69E /* Project object */;
			proxyType = 1;
			remoteGlobalIDString = DD19469A1D22EE54005AB69E;
			remoteInfo = Gameoflife;
		};
/* End PBXContainerItemProxy section */

/* Begin PBXFileReference section */
		DD19469B1D22EE54005AB69E /* Gameoflife.app */ = {isa = PBXFileReference; explicitFileType = wrapper.application; includeInIndex = 0; path = Gameoflife.app; sourceTree = BUILT_PRODUCTS_DIR; };
		DD19469E1D22EE54005AB69E /* AppDelegate.swift */ = {isa = PBXFileReference; lastKnownFileType = sourcecode.swift; path = AppDelegate.swift; sourceTree = "<group>"; };
		DD1946A01D22EE54005AB69E /* GameScene.sks */ = {isa = PBXFileReference; lastKnownFileType = file.sks; path = GameScene.sks; sourceTree = "<group>"; };
		DD1946A21D22EE54005AB69E /* GameScene.swift */ = {isa = PBXFileReference; lastKnownFileType = sourcecode.swift; path = GameScene.swift; sourceTree = "<group>"; };
		DD1946A41D22EE54005AB69E /* GameViewController.swift */ = {isa = PBXFileReference; lastKnownFileType = sourcecode.swift; path = GameViewController.swift; sourceTree = "<group>"; };
		DD1946A71D22EE54005AB69E /* Base */ = {isa = PBXFileReference; lastKnownFileType = file.storyboard; name = Base; path = Base.lproj/Main.storyboard; sourceTree = "<group>"; };
		DD1946A91D22EE54005AB69E /* Assets.xcassets */ = {isa = PBXFileReference; lastKnownFileType = folder.assetcatalog; path = Assets.xcassets; sourceTree = "<group>"; };
		DD1946AC1D22EE54005AB69E /* Base */ = {isa = PBXFileReference; lastKnownFileType = file.storyboard; name = Base; path = Base.lproj/LaunchScreen.storyboard; sourceTree = "<group>"; };
		DD1946AE1D22EE54005AB69E /* Info.plist */ = {isa = PBXFileReference; lastKnownFileType = text.plist.xml; path = Info.plist; sourceTree = "<group>"; };
		DD1946B31D22EE54005AB69E /* GameoflifeTests.xctest */ = {isa = PBXFileReference; explicitFileType = wrapper.cfbundle; includeInIndex = 0; path = GameoflifeTests.xctest; sourceTree = BUILT_PRODUCTS_DIR; };
		DD1946B71D22EE54005AB69E /* GameoflifeTests.swift */ = {isa = PBXFileReference; lastKnownFileType = sourcecode.swift; path = GameoflifeTests.swift; sourceTree = "<group>"; };
		DD1946B91D22EE54005AB69E /* Info.plist */ = {isa = PBXFileReference; lastKnownFileType = text.plist.xml; path = Info.plist; sourceTree = "<group>"; };
		DD1946BE1D22EE54005AB69E /* GameoflifeUITests.xctest */ = {isa = PBXFileReference; explicitFileType = wrapper.cfbundle; includeInIndex = 0; path = GameoflifeUITests.xctest; sourceTree = BUILT_PRODUCTS_DIR; };
		DD1946C21D22EE54005AB69E /* GameoflifeUITests.swift */ = {isa = PBXFileReference; lastKnownFileType = sourcecode.swift; path = GameoflifeUITests.swift; sourceTree = "<group>"; };
		DD1946C41D22EE54005AB69E /* Info.plist */ = {isa = PBXFileReference; lastKnownFileType = text.plist.xml; path = Info.plist; sourceTree = "<group>"; };
		DD1946D11D22F1D2005AB69E /* MSButtonNode.swift */ = {isa = PBXFileReference; fileEncoding = 4; lastKnownFileType = sourcecode.swift; path = MSButtonNode.swift; sourceTree = "<group>"; };
		DD1946D21D22F1D2005AB69E /* MSReferenceNode.swift */ = {isa = PBXFileReference; fileEncoding = 4; lastKnownFileType = sourcecode.swift; path = MSReferenceNode.swift; sourceTree = "<group>"; };
		DD1946D41D22F1D2005AB69E /* CGFloat+Extensions.swift */ = {isa = PBXFileReference; fileEncoding = 4; lastKnownFileType = sourcecode.swift; path = "CGFloat+Extensions.swift"; sourceTree = "<group>"; };
		DD1946D51D22F1D2005AB69E /* CGPoint+Extensions.swift */ = {isa = PBXFileReference; fileEncoding = 4; lastKnownFileType = sourcecode.swift; path = "CGPoint+Extensions.swift"; sourceTree = "<group>"; };
		DD1946D61D22F1D2005AB69E /* CGVector+Extensions.swift */ = {isa = PBXFileReference; fileEncoding = 4; lastKnownFileType = sourcecode.swift; path = "CGVector+Extensions.swift"; sourceTree = "<group>"; };
		DD1946D71D22F1D2005AB69E /* Int+Extensions.swift */ = {isa = PBXFileReference; fileEncoding = 4; lastKnownFileType = sourcecode.swift; path = "Int+Extensions.swift"; sourceTree = "<group>"; };
		DD1946D81D22F1D2005AB69E /* SKAction+Extensions.swift */ = {isa = PBXFileReference; fileEncoding = 4; lastKnownFileType = sourcecode.swift; path = "SKAction+Extensions.swift"; sourceTree = "<group>"; };
		DD1946D91D22F1D2005AB69E /* SKAction+SpecialEffects.swift */ = {isa = PBXFileReference; fileEncoding = 4; lastKnownFileType = sourcecode.swift; path = "SKAction+SpecialEffects.swift"; sourceTree = "<group>"; };
		DD1946DA1D22F1D2005AB69E /* SKColor+Extensions.swift */ = {isa = PBXFileReference; fileEncoding = 4; lastKnownFileType = sourcecode.swift; path = "SKColor+Extensions.swift"; sourceTree = "<group>"; };
		DD1946DB1D22F1D2005AB69E /* SKNode+Extensions.swift */ = {isa = PBXFileReference; fileEncoding = 4; lastKnownFileType = sourcecode.swift; path = "SKNode+Extensions.swift"; sourceTree = "<group>"; };
		DD1946DC1D22F1D2005AB69E /* SKTAudio.swift */ = {isa = PBXFileReference; fileEncoding = 4; lastKnownFileType = sourcecode.swift; path = SKTAudio.swift; sourceTree = "<group>"; };
		DD1946DD1D22F1D2005AB69E /* SKTEffects.swift */ = {isa = PBXFileReference; fileEncoding = 4; lastKnownFileType = sourcecode.swift; path = SKTEffects.swift; sourceTree = "<group>"; };
		DD1946DE1D22F1D2005AB69E /* SKTTimingFunctions.swift */ = {isa = PBXFileReference; fileEncoding = 4; lastKnownFileType = sourcecode.swift; path = SKTTimingFunctions.swift; sourceTree = "<group>"; };
		DD1946DF1D22F1D2005AB69E /* Vector3.swift */ = {isa = PBXFileReference; fileEncoding = 4; lastKnownFileType = sourcecode.swift; path = Vector3.swift; sourceTree = "<group>"; };
		DD8A34DD1D23103F00A289E4 /* Grid.swift */ = {isa = PBXFileReference; fileEncoding = 4; lastKnownFileType = sourcecode.swift; path = Grid.swift; sourceTree = "<group>"; };
		DD8A34DF1D23241E00A289E4 /* Creature.swift */ = {isa = PBXFileReference; fileEncoding = 4; lastKnownFileType = sourcecode.swift; path = Creature.swift; sourceTree = "<group>"; };
/* End PBXFileReference section */

/* Begin PBXFrameworksBuildPhase section */
		DD1946981D22EE54005AB69E /* Frameworks */ = {
			isa = PBXFrameworksBuildPhase;
			buildActionMask = 2147483647;
			files = (
			);
			runOnlyForDeploymentPostprocessing = 0;
		};
		DD1946B01D22EE54005AB69E /* Frameworks */ = {
			isa = PBXFrameworksBuildPhase;
			buildActionMask = 2147483647;
			files = (
			);
			runOnlyForDeploymentPostprocessing = 0;
		};
		DD1946BB1D22EE54005AB69E /* Frameworks */ = {
			isa = PBXFrameworksBuildPhase;
			buildActionMask = 2147483647;
			files = (
			);
			runOnlyForDeploymentPostprocessing = 0;
		};
/* End PBXFrameworksBuildPhase section */

/* Begin PBXGroup section */
		DD1946921D22EE53005AB69E = {
			isa = PBXGroup;
			children = (
				DD19469D1D22EE54005AB69E /* Gameoflife */,
				DD1946B61D22EE54005AB69E /* GameoflifeTests */,
				DD1946C11D22EE54005AB69E /* GameoflifeUITests */,
				DD19469C1D22EE54005AB69E /* Products */,
			);
			sourceTree = "<group>";
		};
		DD19469C1D22EE54005AB69E /* Products */ = {
			isa = PBXGroup;
			children = (
				DD19469B1D22EE54005AB69E /* Gameoflife.app */,
				DD1946B31D22EE54005AB69E /* GameoflifeTests.xctest */,
				DD1946BE1D22EE54005AB69E /* GameoflifeUITests.xctest */,
			);
			name = Products;
			sourceTree = "<group>";
		};
		DD19469D1D22EE54005AB69E /* Gameoflife */ = {
			isa = PBXGroup;
			children = (
				DD1946D01D22F1D2005AB69E /* Utils */,
				DD19469E1D22EE54005AB69E /* AppDelegate.swift */,
				DD1946A01D22EE54005AB69E /* GameScene.sks */,
				DD1946A21D22EE54005AB69E /* GameScene.swift */,
				DD8A34DF1D23241E00A289E4 /* Creature.swift */,
				DD8A34DD1D23103F00A289E4 /* Grid.swift */,
				DD1946A41D22EE54005AB69E /* GameViewController.swift */,
				DD1946A61D22EE54005AB69E /* Main.storyboard */,
				DD1946A91D22EE54005AB69E /* Assets.xcassets */,
				DD1946AB1D22EE54005AB69E /* LaunchScreen.storyboard */,
				DD1946AE1D22EE54005AB69E /* Info.plist */,
			);
			path = Gameoflife;
			sourceTree = "<group>";
		};
		DD1946B61D22EE54005AB69E /* GameoflifeTests */ = {
			isa = PBXGroup;
			children = (
				DD1946B71D22EE54005AB69E /* GameoflifeTests.swift */,
				DD1946B91D22EE54005AB69E /* Info.plist */,
			);
			path = GameoflifeTests;
			sourceTree = "<group>";
		};
		DD1946C11D22EE54005AB69E /* GameoflifeUITests */ = {
			isa = PBXGroup;
			children = (
				DD1946C21D22EE54005AB69E /* GameoflifeUITests.swift */,
				DD1946C41D22EE54005AB69E /* Info.plist */,
			);
			path = GameoflifeUITests;
			sourceTree = "<group>";
		};
		DD1946D01D22F1D2005AB69E /* Utils */ = {
			isa = PBXGroup;
			children = (
				DD1946D11D22F1D2005AB69E /* MSButtonNode.swift */,
				DD1946D21D22F1D2005AB69E /* MSReferenceNode.swift */,
				DD1946D31D22F1D2005AB69E /* SKTUtils */,
			);
			path = Utils;
			sourceTree = "<group>";
		};
		DD1946D31D22F1D2005AB69E /* SKTUtils */ = {
			isa = PBXGroup;
			children = (
				DD1946D41D22F1D2005AB69E /* CGFloat+Extensions.swift */,
				DD1946D51D22F1D2005AB69E /* CGPoint+Extensions.swift */,
				DD1946D61D22F1D2005AB69E /* CGVector+Extensions.swift */,
				DD1946D71D22F1D2005AB69E /* Int+Extensions.swift */,
				DD1946D81D22F1D2005AB69E /* SKAction+Extensions.swift */,
				DD1946D91D22F1D2005AB69E /* SKAction+SpecialEffects.swift */,
				DD1946DA1D22F1D2005AB69E /* SKColor+Extensions.swift */,
				DD1946DB1D22F1D2005AB69E /* SKNode+Extensions.swift */,
				DD1946DC1D22F1D2005AB69E /* SKTAudio.swift */,
				DD1946DD1D22F1D2005AB69E /* SKTEffects.swift */,
				DD1946DE1D22F1D2005AB69E /* SKTTimingFunctions.swift */,
				DD1946DF1D22F1D2005AB69E /* Vector3.swift */,
			);
			path = SKTUtils;
			sourceTree = "<group>";
		};
/* End PBXGroup section */

/* Begin PBXNativeTarget section */
		DD19469A1D22EE54005AB69E /* Gameoflife */ = {
			isa = PBXNativeTarget;
			buildConfigurationList = DD1946C71D22EE54005AB69E /* Build configuration list for PBXNativeTarget "Gameoflife" */;
			buildPhases = (
				DD1946971D22EE54005AB69E /* Sources */,
				DD1946981D22EE54005AB69E /* Frameworks */,
				DD1946991D22EE54005AB69E /* Resources */,
			);
			buildRules = (
			);
			dependencies = (
			);
			name = Gameoflife;
			productName = Gameoflife;
			productReference = DD19469B1D22EE54005AB69E /* Gameoflife.app */;
			productType = "com.apple.product-type.application";
		};
		DD1946B21D22EE54005AB69E /* GameoflifeTests */ = {
			isa = PBXNativeTarget;
			buildConfigurationList = DD1946CA1D22EE54005AB69E /* Build configuration list for PBXNativeTarget "GameoflifeTests" */;
			buildPhases = (
				DD1946AF1D22EE54005AB69E /* Sources */,
				DD1946B01D22EE54005AB69E /* Frameworks */,
				DD1946B11D22EE54005AB69E /* Resources */,
			);
			buildRules = (
			);
			dependencies = (
				DD1946B51D22EE54005AB69E /* PBXTargetDependency */,
			);
			name = GameoflifeTests;
			productName = GameoflifeTests;
			productReference = DD1946B31D22EE54005AB69E /* GameoflifeTests.xctest */;
			productType = "com.apple.product-type.bundle.unit-test";
		};
		DD1946BD1D22EE54005AB69E /* GameoflifeUITests */ = {
			isa = PBXNativeTarget;
			buildConfigurationList = DD1946CD1D22EE54005AB69E /* Build configuration list for PBXNativeTarget "GameoflifeUITests" */;
			buildPhases = (
				DD1946BA1D22EE54005AB69E /* Sources */,
				DD1946BB1D22EE54005AB69E /* Frameworks */,
				DD1946BC1D22EE54005AB69E /* Resources */,
			);
			buildRules = (
			);
			dependencies = (
				DD1946C01D22EE54005AB69E /* PBXTargetDependency */,
			);
			name = GameoflifeUITests;
			productName = GameoflifeUITests;
			productReference = DD1946BE1D22EE54005AB69E /* GameoflifeUITests.xctest */;
			productType = "com.apple.product-type.bundle.ui-testing";
		};
/* End PBXNativeTarget section */

/* Begin PBXProject section */
		DD1946931D22EE53005AB69E /* Project object */ = {
			isa = PBXProject;
			attributes = {
				LastSwiftUpdateCheck = 0730;
				LastUpgradeCheck = 0730;
				ORGANIZATIONNAME = "Jorge Avelar";
				TargetAttributes = {
					DD19469A1D22EE54005AB69E = {
						CreatedOnToolsVersion = 7.3.1;
					};
					DD1946B21D22EE54005AB69E = {
						CreatedOnToolsVersion = 7.3.1;
						TestTargetID = DD19469A1D22EE54005AB69E;
					};
					DD1946BD1D22EE54005AB69E = {
						CreatedOnToolsVersion = 7.3.1;
						TestTargetID = DD19469A1D22EE54005AB69E;
					};
				};
			};
			buildConfigurationList = DD1946961D22EE53005AB69E /* Build configuration list for PBXProject "Gameoflife" */;
			compatibilityVersion = "Xcode 3.2";
			developmentRegion = English;
			hasScannedForEncodings = 0;
			knownRegions = (
				en,
				Base,
			);
			mainGroup = DD1946921D22EE53005AB69E;
			productRefGroup = DD19469C1D22EE54005AB69E /* Products */;
			projectDirPath = "";
			projectRoot = "";
			targets = (
				DD19469A1D22EE54005AB69E /* Gameoflife */,
				DD1946B21D22EE54005AB69E /* GameoflifeTests */,
				DD1946BD1D22EE54005AB69E /* GameoflifeUITests */,
			);
		};
/* End PBXProject section */

/* Begin PBXResourcesBuildPhase section */
		DD1946991D22EE54005AB69E /* Resources */ = {
			isa = PBXResourcesBuildPhase;
			buildActionMask = 2147483647;
			files = (
				DD1946A11D22EE54005AB69E /* GameScene.sks in Resources */,
				DD1946AD1D22EE54005AB69E /* LaunchScreen.storyboard in Resources */,
				DD1946AA1D22EE54005AB69E /* Assets.xcassets in Resources */,
				DD1946A81D22EE54005AB69E /* Main.storyboard in Resources */,
			);
			runOnlyForDeploymentPostprocessing = 0;
		};
		DD1946B11D22EE54005AB69E /* Resources */ = {
			isa = PBXResourcesBuildPhase;
			buildActionMask = 2147483647;
			files = (
			);
			runOnlyForDeploymentPostprocessing = 0;
		};
		DD1946BC1D22EE54005AB69E /* Resources */ = {
			isa = PBXResourcesBuildPhase;
			buildActionMask = 2147483647;
			files = (
			);
			runOnlyForDeploymentPostprocessing = 0;
		};
/* End PBXResourcesBuildPhase section */

/* Begin PBXSourcesBuildPhase section */
		DD1946971D22EE54005AB69E /* Sources */ = {
			isa = PBXSourcesBuildPhase;
			buildActionMask = 2147483647;
			files = (
				DD1946E31D22F1D2005AB69E /* CGPoint+Extensions.swift in Sources */,
				DD1946EB1D22F1D2005AB69E /* SKTEffects.swift in Sources */,
				DD8A34E01D23241E00A289E4 /* Creature.swift in Sources */,
				DD1946E61D22F1D2005AB69E /* SKAction+Extensions.swift in Sources */,
				DD1946A31D22EE54005AB69E /* GameScene.swift in Sources */,
				DD1946E91D22F1D2005AB69E /* SKNode+Extensions.swift in Sources */,
				DD1946A51D22EE54005AB69E /* GameViewController.swift in Sources */,
				DD1946EC1D22F1D2005AB69E /* SKTTimingFunctions.swift in Sources */,
				DD1946E71D22F1D2005AB69E /* SKAction+SpecialEffects.swift in Sources */,
				DD1946E51D22F1D2005AB69E /* Int+Extensions.swift in Sources */,
				DD1946ED1D22F1D2005AB69E /* Vector3.swift in Sources */,
				DD19469F1D22EE54005AB69E /* AppDelegate.swift in Sources */,
				DD1946E81D22F1D2005AB69E /* SKColor+Extensions.swift in Sources */,
				DD1946E41D22F1D2005AB69E /* CGVector+Extensions.swift in Sources */,
				DD1946E11D22F1D2005AB69E /* MSReferenceNode.swift in Sources */,
				DD1946EA1D22F1D2005AB69E /* SKTAudio.swift in Sources */,
				DD1946E21D22F1D2005AB69E /* CGFloat+Extensions.swift in Sources */,
				DD1946E01D22F1D2005AB69E /* MSButtonNode.swift in Sources */,
				DD8A34DE1D23103F00A289E4 /* Grid.swift in Sources */,
			);
			runOnlyForDeploymentPostprocessing = 0;
		};
		DD1946AF1D22EE54005AB69E /* Sources */ = {
			isa = PBXSourcesBuildPhase;
			buildActionMask = 2147483647;
			files = (
				DD1946B81D22EE54005AB69E /* GameoflifeTests.swift in Sources */,
			);
			runOnlyForDeploymentPostprocessing = 0;
		};
		DD1946BA1D22EE54005AB69E /* Sources */ = {
			isa = PBXSourcesBuildPhase;
			buildActionMask = 2147483647;
			files = (
				DD1946C31D22EE54005AB69E /* GameoflifeUITests.swift in Sources */,
			);
			runOnlyForDeploymentPostprocessing = 0;
		};
/* End PBXSourcesBuildPhase section */

/* Begin PBXTargetDependency section */
		DD1946B51D22EE54005AB69E /* PBXTargetDependency */ = {
			isa = PBXTargetDependency;
			target = DD19469A1D22EE54005AB69E /* Gameoflife */;
			targetProxy = DD1946B41D22EE54005AB69E /* PBXContainerItemProxy */;
		};
		DD1946C01D22EE54005AB69E /* PBXTargetDependency */ = {
			isa = PBXTargetDependency;
			target = DD19469A1D22EE54005AB69E /* Gameoflife */;
			targetProxy = DD1946BF1D22EE54005AB69E /* PBXContainerItemProxy */;
		};
/* End PBXTargetDependency section */

/* Begin PBXVariantGroup section */
		DD1946A61D22EE54005AB69E /* Main.storyboard */ = {
			isa = PBXVariantGroup;
			children = (
				DD1946A71D22EE54005AB69E /* Base */,
			);
			name = Main.storyboard;
			sourceTree = "<group>";
		};
		DD1946AB1D22EE54005AB69E /* LaunchScreen.storyboard */ = {
			isa = PBXVariantGroup;
			children = (
				DD1946AC1D22EE54005AB69E /* Base */,
			);
			name = LaunchScreen.storyboard;
			sourceTree = "<group>";
		};
/* End PBXVariantGroup section */

/* Begin XCBuildConfiguration section */
		DD1946C51D22EE54005AB69E /* Debug */ = {
			isa = XCBuildConfiguration;
			buildSettings = {
				ALWAYS_SEARCH_USER_PATHS = NO;
				CLANG_ANALYZER_NONNULL = YES;
				CLANG_CXX_LANGUAGE_STANDARD = "gnu++0x";
				CLANG_CXX_LIBRARY = "libc++";
				CLANG_ENABLE_MODULES = YES;
				CLANG_ENABLE_OBJC_ARC = YES;
				CLANG_WARN_BOOL_CONVERSION = YES;
				CLANG_WARN_CONSTANT_CONVERSION = YES;
				CLANG_WARN_DIRECT_OBJC_ISA_USAGE = YES_ERROR;
				CLANG_WARN_EMPTY_BODY = YES;
				CLANG_WARN_ENUM_CONVERSION = YES;
				CLANG_WARN_INT_CONVERSION = YES;
				CLANG_WARN_OBJC_ROOT_CLASS = YES_ERROR;
				CLANG_WARN_UNREACHABLE_CODE = YES;
				CLANG_WARN__DUPLICATE_METHOD_MATCH = YES;
				"CODE_SIGN_IDENTITY[sdk=iphoneos*]" = "iPhone Developer";
				COPY_PHASE_STRIP = NO;
				DEBUG_INFORMATION_FORMAT = "dwarf-with-dsym";
				ENABLE_STRICT_OBJC_MSGSEND = YES;
				ENABLE_TESTABILITY = YES;
				GCC_C_LANGUAGE_STANDARD = gnu99;
				GCC_DYNAMIC_NO_PIC = NO;
				GCC_NO_COMMON_BLOCKS = YES;
				GCC_OPTIMIZATION_LEVEL = 0;
				GCC_PREPROCESSOR_DEFINITIONS = (
					"DEBUG=1",
					"$(inherited)",
				);
				GCC_WARN_64_TO_32_BIT_CONVERSION = YES;
				GCC_WARN_ABOUT_RETURN_TYPE = YES_ERROR;
				GCC_WARN_UNDECLARED_SELECTOR = YES;
				GCC_WARN_UNINITIALIZED_AUTOS = YES_AGGRESSIVE;
				GCC_WARN_UNUSED_FUNCTION = YES;
				GCC_WARN_UNUSED_VARIABLE = YES;
				IPHONEOS_DEPLOYMENT_TARGET = 9.3;
				MTL_ENABLE_DEBUG_INFO = YES;
				ONLY_ACTIVE_ARCH = YES;
				SDKROOT = iphoneos;
				SWIFT_OPTIMIZATION_LEVEL = "-Onone";
				TARGETED_DEVICE_FAMILY = "1,2";
			};
			name = Debug;
		};
		DD1946C61D22EE54005AB69E /* Release */ = {
			isa = XCBuildConfiguration;
			buildSettings = {
				ALWAYS_SEARCH_USER_PATHS = NO;
				CLANG_ANALYZER_NONNULL = YES;
				CLANG_CXX_LANGUAGE_STANDARD = "gnu++0x";
				CLANG_CXX_LIBRARY = "libc++";
				CLANG_ENABLE_MODULES = YES;
				CLANG_ENABLE_OBJC_ARC = YES;
				CLANG_WARN_BOOL_CONVERSION = YES;
				CLANG_WARN_CONSTANT_CONVERSION = YES;
				CLANG_WARN_DIRECT_OBJC_ISA_USAGE = YES_ERROR;
				CLANG_WARN_EMPTY_BODY = YES;
				CLANG_WARN_ENUM_CONVERSION = YES;
				CLANG_WARN_INT_CONVERSION = YES;
				CLANG_WARN_OBJC_ROOT_CLASS = YES_ERROR;
				CLANG_WARN_UNREACHABLE_CODE = YES;
				CLANG_WARN__DUPLICATE_METHOD_MATCH = YES;
				"CODE_SIGN_IDENTITY[sdk=iphoneos*]" = "iPhone Developer";
				COPY_PHASE_STRIP = NO;
				DEBUG_INFORMATION_FORMAT = "dwarf-with-dsym";
				ENABLE_NS_ASSERTIONS = NO;
				ENABLE_STRICT_OBJC_MSGSEND = YES;
				GCC_C_LANGUAGE_STANDARD = gnu99;
				GCC_NO_COMMON_BLOCKS = YES;
				GCC_WARN_64_TO_32_BIT_CONVERSION = YES;
				GCC_WARN_ABOUT_RETURN_TYPE = YES_ERROR;
				GCC_WARN_UNDECLARED_SELECTOR = YES;
				GCC_WARN_UNINITIALIZED_AUTOS = YES_AGGRESSIVE;
				GCC_WARN_UNUSED_FUNCTION = YES;
				GCC_WARN_UNUSED_VARIABLE = YES;
				IPHONEOS_DEPLOYMENT_TARGET = 9.3;
				MTL_ENABLE_DEBUG_INFO = NO;
				SDKROOT = iphoneos;
				TARGETED_DEVICE_FAMILY = "1,2";
				VALIDATE_PRODUCT = YES;
			};
			name = Release;
		};
		DD1946C81D22EE54005AB69E /* Debug */ = {
			isa = XCBuildConfiguration;
			buildSettings = {
				ASSETCATALOG_COMPILER_APPICON_NAME = AppIcon;
				INFOPLIST_FILE = Gameoflife/Info.plist;
				LD_RUNPATH_SEARCH_PATHS = "$(inherited) @executable_path/Frameworks";
				PRODUCT_BUNDLE_IDENTIFIER = com.makeschool.Gameoflife;
				PRODUCT_NAME = "$(TARGET_NAME)";
			};
			name = Debug;
		};
		DD1946C91D22EE54005AB69E /* Release */ = {
			isa = XCBuildConfiguration;
			buildSettings = {
				ASSETCATALOG_COMPILER_APPICON_NAME = AppIcon;
				INFOPLIST_FILE = Gameoflife/Info.plist;
				LD_RUNPATH_SEARCH_PATHS = "$(inherited) @executable_path/Frameworks";
				PRODUCT_BUNDLE_IDENTIFIER = com.makeschool.Gameoflife;
				PRODUCT_NAME = "$(TARGET_NAME)";
			};
			name = Release;
		};
		DD1946CB1D22EE54005AB69E /* Debug */ = {
			isa = XCBuildConfiguration;
			buildSettings = {
				BUNDLE_LOADER = "$(TEST_HOST)";
				DEBUG_INFORMATION_FORMAT = dwarf;
				INFOPLIST_FILE = GameoflifeTests/Info.plist;
				LD_RUNPATH_SEARCH_PATHS = "$(inherited) @executable_path/Frameworks @loader_path/Frameworks";
				PRODUCT_BUNDLE_IDENTIFIER = com.makeschool.GameoflifeTests;
				PRODUCT_NAME = "$(TARGET_NAME)";
				TEST_HOST = "$(BUILT_PRODUCTS_DIR)/Gameoflife.app/Gameoflife";
			};
			name = Debug;
		};
		DD1946CC1D22EE54005AB69E /* Release */ = {
			isa = XCBuildConfiguration;
			buildSettings = {
				BUNDLE_LOADER = "$(TEST_HOST)";
				INFOPLIST_FILE = GameoflifeTests/Info.plist;
				LD_RUNPATH_SEARCH_PATHS = "$(inherited) @executable_path/Frameworks @loader_path/Frameworks";
				PRODUCT_BUNDLE_IDENTIFIER = com.makeschool.GameoflifeTests;
				PRODUCT_NAME = "$(TARGET_NAME)";
				TEST_HOST = "$(BUILT_PRODUCTS_DIR)/Gameoflife.app/Gameoflife";
			};
			name = Release;
		};
		DD1946CE1D22EE54005AB69E /* Debug */ = {
			isa = XCBuildConfiguration;
			buildSettings = {
				DEBUG_INFORMATION_FORMAT = dwarf;
				INFOPLIST_FILE = GameoflifeUITests/Info.plist;
				LD_RUNPATH_SEARCH_PATHS = "$(inherited) @executable_path/Frameworks @loader_path/Frameworks";
				PRODUCT_BUNDLE_IDENTIFIER = com.makeschool.GameoflifeUITests;
				PRODUCT_NAME = "$(TARGET_NAME)";
				TEST_TARGET_NAME = Gameoflife;
			};
			name = Debug;
		};
		DD1946CF1D22EE54005AB69E /* Release */ = {
			isa = XCBuildConfiguration;
			buildSettings = {
				INFOPLIST_FILE = GameoflifeUITests/Info.plist;
				LD_RUNPATH_SEARCH_PATHS = "$(inherited) @executable_path/Frameworks @loader_path/Frameworks";
				PRODUCT_BUNDLE_IDENTIFIER = com.makeschool.GameoflifeUITests;
				PRODUCT_NAME = "$(TARGET_NAME)";
				TEST_TARGET_NAME = Gameoflife;
			};
			name = Release;
		};
/* End XCBuildConfiguration section */

/* Begin XCConfigurationList section */
		DD1946961D22EE53005AB69E /* Build configuration list for PBXProject "Gameoflife" */ = {
			isa = XCConfigurationList;
			buildConfigurations = (
				DD1946C51D22EE54005AB69E /* Debug */,
				DD1946C61D22EE54005AB69E /* Release */,
			);
			defaultConfigurationIsVisible = 0;
			defaultConfigurationName = Release;
		};
		DD1946C71D22EE54005AB69E /* Build configuration list for PBXNativeTarget "Gameoflife" */ = {
			isa = XCConfigurationList;
			buildConfigurations = (
				DD1946C81D22EE54005AB69E /* Debug */,
				DD1946C91D22EE54005AB69E /* Release */,
			);
			defaultConfigurationIsVisible = 0;
			defaultConfigurationName = Release;
		};
		DD1946CA1D22EE54005AB69E /* Build configuration list for PBXNativeTarget "GameoflifeTests" */ = {
			isa = XCConfigurationList;
			buildConfigurations = (
				DD1946CB1D22EE54005AB69E /* Debug */,
				DD1946CC1D22EE54005AB69E /* Release */,
			);
			defaultConfigurationIsVisible = 0;
			defaultConfigurationName = Release;
		};
		DD1946CD1D22EE54005AB69E /* Build configuration list for PBXNativeTarget "GameoflifeUITests" */ = {
			isa = XCConfigurationList;
			buildConfigurations = (
				DD1946CE1D22EE54005AB69E /* Debug */,
				DD1946CF1D22EE54005AB69E /* Release */,
			);
			defaultConfigurationIsVisible = 0;
			defaultConfigurationName = Release;
		};
/* End XCConfigurationList section */
	};
	rootObject = DD1946931D22EE53005AB69E /* Project object */;
}
